Microsoft Visual Studio Solution File, Format Version 12.00
# Visual Studio 15
VisualStudioVersion = 15.0.26124.0
MinimumVisualStudioVersion = 15.0.26124.0
Project("{9A19103F-16F7-4668-BE54-9A1E7A4F7556}") = "one.web", "one.web\one.web.csproj", "{BF53F5D9-4408-4632-BA3B-61872084E17E}"
EndProject
Project("{9A19103F-16F7-4668-BE54-9A1E7A4F7556}") = "one.web.test", "one.web.test\one.web.test.csproj", "{792ED447-1EAE-48F8-9C76-DC6FE20EB92D}"
EndProject
Global
	GlobalSection(SolutionConfigurationPlatforms) = preSolution
		Debug|Any CPU = Debug|Any CPU
		Debug|x64 = Debug|x64
		Debug|x86 = Debug|x86
		Release|Any CPU = Release|Any CPU
		Release|x64 = Release|x64
		Release|x86 = Release|x86
	EndGlobalSection
	GlobalSection(ProjectConfigurationPlatforms) = postSolution
		{BF53F5D9-4408-4632-BA3B-61872084E17E}.Debug|Any CPU.ActiveCfg = Debug|Any CPU
		{BF53F5D9-4408-4632-BA3B-61872084E17E}.Debug|Any CPU.Build.0 = Debug|Any CPU
		{BF53F5D9-4408-4632-BA3B-61872084E17E}.Debug|x64.ActiveCfg = Debug|Any CPU
		{BF53F5D9-4408-4632-BA3B-61872084E17E}.Debug|x64.Build.0 = Debug|Any CPU
		{BF53F5D9-4408-4632-BA3B-61872084E17E}.Debug|x86.ActiveCfg = Debug|Any CPU
		{BF53F5D9-4408-4632-BA3B-61872084E17E}.Debug|x86.Build.0 = Debug|Any CPU
		{BF53F5D9-4408-4632-BA3B-61872084E17E}.Release|Any CPU.ActiveCfg = Release|Any CPU
		{BF53F5D9-4408-4632-BA3B-61872084E17E}.Release|Any CPU.Build.0 = Release|Any CPU
		{BF53F5D9-4408-4632-BA3B-61872084E17E}.Release|x64.ActiveCfg = Release|Any CPU
		{BF53F5D9-4408-4632-BA3B-61872084E17E}.Release|x64.Build.0 = Release|Any CPU
		{BF53F5D9-4408-4632-BA3B-61872084E17E}.Release|x86.ActiveCfg = Release|Any CPU
		{BF53F5D9-4408-4632-BA3B-61872084E17E}.Release|x86.Build.0 = Release|Any CPU
		{792ED447-1EAE-48F8-9C76-DC6FE20EB92D}.Debug|Any CPU.ActiveCfg = Debug|Any CPU
		{792ED447-1EAE-48F8-9C76-DC6FE20EB92D}.Debug|Any CPU.Build.0 = Debug|Any CPU
		{792ED447-1EAE-48F8-9C76-DC6FE20EB92D}.Debug|x64.ActiveCfg = Debug|Any CPU
		{792ED447-1EAE-48F8-9C76-DC6FE20EB92D}.Debug|x64.Build.0 = Debug|Any CPU
		{792ED447-1EAE-48F8-9C76-DC6FE20EB92D}.Debug|x86.ActiveCfg = Debug|Any CPU
		{792ED447-1EAE-48F8-9C76-DC6FE20EB92D}.Debug|x86.Build.0 = Debug|Any CPU
		{792ED447-1EAE-48F8-9C76-DC6FE20EB92D}.Release|Any CPU.ActiveCfg = Release|Any CPU
		{792ED447-1EAE-48F8-9C76-DC6FE20EB92D}.Release|Any CPU.Build.0 = Release|Any CPU
		{792ED447-1EAE-48F8-9C76-DC6FE20EB92D}.Release|x64.ActiveCfg = Release|Any CPU
		{792ED447-1EAE-48F8-9C76-DC6FE20EB92D}.Release|x64.Build.0 = Release|Any CPU
		{792ED447-1EAE-48F8-9C76-DC6FE20EB92D}.Release|x86.ActiveCfg = Release|Any CPU
		{792ED447-1EAE-48F8-9C76-DC6FE20EB92D}.Release|x86.Build.0 = Release|Any CPU
	EndGlobalSection
	GlobalSection(SolutionProperties) = preSolution
		HideSolutionNode = FALSE
	EndGlobalSection
	GlobalSection(ExtensibilityGlobals) = postSolution
		SolutionGuid = {1056E421-8CC7-44E6-8914-7BD9961ECDEB}
	EndGlobalSection
EndGlobal
